// !$*UTF8*$!
{
	archiveVersion = 1;
	classes = {
	};
	objectVersion = 51;
	objects = {

/* Begin PBXBuildFile section */
		0669A7252576479700B63CC1 /* Api.swift in Sources */ = {isa = PBXBuildFile; fileRef = 0669A7242576479700B63CC1 /* Api.swift */; };
		16929DA32577A20600572E38 /* sampleData.json in Sources */ = {isa = PBXBuildFile; fileRef = 16929DA22577A20600572E38 /* sampleData.json */; };
		16929DA82577A26300572E38 /* PackGame.swift in Sources */ = {isa = PBXBuildFile; fileRef = 16929DA72577A26300572E38 /* PackGame.swift */; };
		16929DC02577BD2300572E38 /* AllCovers.swift in Sources */ = {isa = PBXBuildFile; fileRef = 16929DBF2577BD2300572E38 /* AllCovers.swift */; };
		D8D91FC8256E5EFE00DDE78E /* SearchGame.storyboard in Resources */ = {isa = PBXBuildFile; fileRef = D8D91FC7256E5EFE00DDE78E /* SearchGame.storyboard */; };
		D8D91FCB256E5F2800DDE78E /* SearchGameController.swift in Sources */ = {isa = PBXBuildFile; fileRef = D8D91FCA256E5F2800DDE78E /* SearchGameController.swift */; };
		D8D91FD2256E67D400DDE78E /* SearchGameViewCell.swift in Sources */ = {isa = PBXBuildFile; fileRef = D8D91FD0256E67D400DDE78E /* SearchGameViewCell.swift */; };
		D8D91FD3256E67D400DDE78E /* SearchGameViewCell.xib in Resources */ = {isa = PBXBuildFile; fileRef = D8D91FD1256E67D400DDE78E /* SearchGameViewCell.xib */; };
		D91BD358256FB09E002F6749 /* SearchGameViewModel.swift in Sources */ = {isa = PBXBuildFile; fileRef = D91BD357256FB09E002F6749 /* SearchGameViewModel.swift */; };
		D91BD35C256FB18F002F6749 /* Game.swift in Sources */ = {isa = PBXBuildFile; fileRef = D91BD35B256FB18F002F6749 /* Game.swift */; };
		D91BD363256FB630002F6749 /* Platform_logo.swift in Sources */ = {isa = PBXBuildFile; fileRef = D91BD362256FB630002F6749 /* Platform_logo.swift */; };
		D91BD366256FB701002F6749 /* Franchise.swift in Sources */ = {isa = PBXBuildFile; fileRef = D91BD365256FB701002F6749 /* Franchise.swift */; };
		D980B8C12566753300C4C5C8 /* AppDelegate.swift in Sources */ = {isa = PBXBuildFile; fileRef = D980B8C02566753300C4C5C8 /* AppDelegate.swift */; };
		D980B8C32566753300C4C5C8 /* SceneDelegate.swift in Sources */ = {isa = PBXBuildFile; fileRef = D980B8C22566753300C4C5C8 /* SceneDelegate.swift */; };
		D980B8C52566753300C4C5C8 /* ViewController.swift in Sources */ = {isa = PBXBuildFile; fileRef = D980B8C42566753300C4C5C8 /* ViewController.swift */; };
		D980B8C82566753300C4C5C8 /* Main.storyboard in Resources */ = {isa = PBXBuildFile; fileRef = D980B8C62566753300C4C5C8 /* Main.storyboard */; };
		D980B8CB2566753300C4C5C8 /* GaminHood.xcdatamodeld in Sources */ = {isa = PBXBuildFile; fileRef = D980B8C92566753300C4C5C8 /* GaminHood.xcdatamodeld */; };
		D980B8CD2566753700C4C5C8 /* Assets.xcassets in Resources */ = {isa = PBXBuildFile; fileRef = D980B8CC2566753700C4C5C8 /* Assets.xcassets */; };
		D980B8D02566753700C4C5C8 /* LaunchScreen.storyboard in Resources */ = {isa = PBXBuildFile; fileRef = D980B8CE2566753700C4C5C8 /* LaunchScreen.storyboard */; };
		F3CA7972B7BE08FDF34A3689 /* Pods_GaminHood.framework in Frameworks */ = {isa = PBXBuildFile; fileRef = 25DCCA5C6D28A93CF3E464DA /* Pods_GaminHood.framework */; };
/* End PBXBuildFile section */

/* Begin PBXFileReference section */
		0669A7242576479700B63CC1 /* Api.swift */ = {isa = PBXFileReference; lastKnownFileType = sourcecode.swift; path = Api.swift; sourceTree = "<group>"; };
		16929DA22577A20600572E38 /* sampleData.json */ = {isa = PBXFileReference; lastKnownFileType = text.json; path = sampleData.json; sourceTree = "<group>"; };
		16929DA72577A26300572E38 /* PackGame.swift */ = {isa = PBXFileReference; lastKnownFileType = sourcecode.swift; path = PackGame.swift; sourceTree = "<group>"; };
		16929DBF2577BD2300572E38 /* AllCovers.swift */ = {isa = PBXFileReference; lastKnownFileType = sourcecode.swift; path = AllCovers.swift; sourceTree = "<group>"; };
		25DCCA5C6D28A93CF3E464DA /* Pods_GaminHood.framework */ = {isa = PBXFileReference; explicitFileType = wrapper.framework; includeInIndex = 0; path = Pods_GaminHood.framework; sourceTree = BUILT_PRODUCTS_DIR; };
		7E9CC15D46268CBB92DDF0FC /* Pods-GaminHood.release.xcconfig */ = {isa = PBXFileReference; includeInIndex = 1; lastKnownFileType = text.xcconfig; name = "Pods-GaminHood.release.xcconfig"; path = "Target Support Files/Pods-GaminHood/Pods-GaminHood.release.xcconfig"; sourceTree = "<group>"; };
		D8D91FC7256E5EFE00DDE78E /* SearchGame.storyboard */ = {isa = PBXFileReference; lastKnownFileType = file.storyboard; path = SearchGame.storyboard; sourceTree = "<group>"; };
		D8D91FCA256E5F2800DDE78E /* SearchGameController.swift */ = {isa = PBXFileReference; lastKnownFileType = sourcecode.swift; path = SearchGameController.swift; sourceTree = "<group>"; };
		D8D91FD0256E67D400DDE78E /* SearchGameViewCell.swift */ = {isa = PBXFileReference; lastKnownFileType = sourcecode.swift; path = SearchGameViewCell.swift; sourceTree = "<group>"; };
		D8D91FD1256E67D400DDE78E /* SearchGameViewCell.xib */ = {isa = PBXFileReference; lastKnownFileType = file.xib; path = SearchGameViewCell.xib; sourceTree = "<group>"; };
		D91BD357256FB09E002F6749 /* SearchGameViewModel.swift */ = {isa = PBXFileReference; lastKnownFileType = sourcecode.swift; path = SearchGameViewModel.swift; sourceTree = "<group>"; };
		D91BD35B256FB18F002F6749 /* Game.swift */ = {isa = PBXFileReference; lastKnownFileType = sourcecode.swift; path = Game.swift; sourceTree = "<group>"; };
		D91BD362256FB630002F6749 /* Platform_logo.swift */ = {isa = PBXFileReference; lastKnownFileType = sourcecode.swift; path = Platform_logo.swift; sourceTree = "<group>"; };
		D91BD365256FB701002F6749 /* Franchise.swift */ = {isa = PBXFileReference; lastKnownFileType = sourcecode.swift; path = Franchise.swift; sourceTree = "<group>"; };
		D980B8BD2566753300C4C5C8 /* GaminHood.app */ = {isa = PBXFileReference; explicitFileType = wrapper.application; includeInIndex = 0; path = GaminHood.app; sourceTree = BUILT_PRODUCTS_DIR; };
		D980B8C02566753300C4C5C8 /* AppDelegate.swift */ = {isa = PBXFileReference; lastKnownFileType = sourcecode.swift; path = AppDelegate.swift; sourceTree = "<group>"; };
		D980B8C22566753300C4C5C8 /* SceneDelegate.swift */ = {isa = PBXFileReference; lastKnownFileType = sourcecode.swift; path = SceneDelegate.swift; sourceTree = "<group>"; };
		D980B8C42566753300C4C5C8 /* ViewController.swift */ = {isa = PBXFileReference; lastKnownFileType = sourcecode.swift; path = ViewController.swift; sourceTree = "<group>"; };
		D980B8C72566753300C4C5C8 /* Base */ = {isa = PBXFileReference; lastKnownFileType = file.storyboard; name = Base; path = Base.lproj/Main.storyboard; sourceTree = "<group>"; };
		D980B8CA2566753300C4C5C8 /* GaminHood.xcdatamodel */ = {isa = PBXFileReference; lastKnownFileType = wrapper.xcdatamodel; path = GaminHood.xcdatamodel; sourceTree = "<group>"; };
		D980B8CC2566753700C4C5C8 /* Assets.xcassets */ = {isa = PBXFileReference; lastKnownFileType = folder.assetcatalog; path = Assets.xcassets; sourceTree = "<group>"; };
		D980B8CF2566753700C4C5C8 /* Base */ = {isa = PBXFileReference; lastKnownFileType = file.storyboard; name = Base; path = Base.lproj/LaunchScreen.storyboard; sourceTree = "<group>"; };
		D980B8D12566753700C4C5C8 /* Info.plist */ = {isa = PBXFileReference; lastKnownFileType = text.plist.xml; path = Info.plist; sourceTree = "<group>"; };
		F1ED5FDEE7C65AB5EA9107A9 /* Pods-GaminHood.debug.xcconfig */ = {isa = PBXFileReference; includeInIndex = 1; lastKnownFileType = text.xcconfig; name = "Pods-GaminHood.debug.xcconfig"; path = "Target Support Files/Pods-GaminHood/Pods-GaminHood.debug.xcconfig"; sourceTree = "<group>"; };
/* End PBXFileReference section */

/* Begin PBXFrameworksBuildPhase section */
		D980B8BA2566753300C4C5C8 /* Frameworks */ = {
			isa = PBXFrameworksBuildPhase;
			buildActionMask = 2147483647;
			files = (
				F3CA7972B7BE08FDF34A3689 /* Pods_GaminHood.framework in Frameworks */,
			);
			runOnlyForDeploymentPostprocessing = 0;
		};
/* End PBXFrameworksBuildPhase section */

/* Begin PBXGroup section */
		16929DA02577A18F00572E38 /* Data */ = {
			isa = PBXGroup;
			children = (
				16929DA12577A1A500572E38 /* Sample */,
				16929DA62577A23700572E38 /* Models */,
			);
			path = Data;
			sourceTree = "<group>";
		};
		16929DA12577A1A500572E38 /* Sample */ = {
			isa = PBXGroup;
			children = (
				16929DA22577A20600572E38 /* sampleData.json */,
			);
			path = Sample;
			sourceTree = "<group>";
		};
		16929DA62577A23700572E38 /* Models */ = {
			isa = PBXGroup;
			children = (
				16929DA72577A26300572E38 /* PackGame.swift */,
				D91BD35B256FB18F002F6749 /* Game.swift */,
				16929DBF2577BD2300572E38 /* AllCovers.swift */,
			);
			path = Models;
			sourceTree = "<group>";
		};
		B8983279E4D7D0389553FA93 /* Frameworks */ = {
			isa = PBXGroup;
			children = (
				25DCCA5C6D28A93CF3E464DA /* Pods_GaminHood.framework */,
			);
			name = Frameworks;
			sourceTree = "<group>";
		};
		D8D91FD5256E6DDD00DDE78E /* SearchGameView */ = {
			isa = PBXGroup;
			children = (
				D8D91FD0256E67D400DDE78E /* SearchGameViewCell.swift */,
				D8D91FCA256E5F2800DDE78E /* SearchGameController.swift */,
				D91BD357256FB09E002F6749 /* SearchGameViewModel.swift */,
				D8D91FD1256E67D400DDE78E /* SearchGameViewCell.xib */,
				D8D91FC7256E5EFE00DDE78E /* SearchGame.storyboard */,
			);
			path = SearchGameView;
			sourceTree = "<group>";
		};
		D91BD35A256FB180002F6749 /* Classes */ = {
			isa = PBXGroup;
			children = (
				D91BD362256FB630002F6749 /* Platform_logo.swift */,
				D91BD365256FB701002F6749 /* Franchise.swift */,
				0669A7242576479700B63CC1 /* Api.swift */,
			);
			path = Classes;
			sourceTree = "<group>";
		};
		D980B8B42566753300C4C5C8 = {
			isa = PBXGroup;
			children = (
				D980B8BF2566753300C4C5C8 /* GaminHood */,
				D980B8BE2566753300C4C5C8 /* Products */,
				FE47C2C5A9D84B1BC8B48E0A /* Pods */,
				B8983279E4D7D0389553FA93 /* Frameworks */,
			);
			sourceTree = "<group>";
		};
		D980B8BE2566753300C4C5C8 /* Products */ = {
			isa = PBXGroup;
			children = (
				D980B8BD2566753300C4C5C8 /* GaminHood.app */,
			);
			name = Products;
			sourceTree = "<group>";
		};
		D980B8BF2566753300C4C5C8 /* GaminHood */ = {
			isa = PBXGroup;
			children = (
				16929DA02577A18F00572E38 /* Data */,
				D91BD35A256FB180002F6749 /* Classes */,
				E8D5913B256BBF7F009F5942 /* Main */,
				D8D91FD5256E6DDD00DDE78E /* SearchGameView */,
				D980B8C02566753300C4C5C8 /* AppDelegate.swift */,
				D980B8C22566753300C4C5C8 /* SceneDelegate.swift */,
				D980B8CC2566753700C4C5C8 /* Assets.xcassets */,
				D980B8D12566753700C4C5C8 /* Info.plist */,
				D980B8C92566753300C4C5C8 /* GaminHood.xcdatamodeld */,
			);
			path = GaminHood;
			sourceTree = "<group>";
		};
		E8D5913B256BBF7F009F5942 /* Main */ = {
			isa = PBXGroup;
			children = (
				D980B8CE2566753700C4C5C8 /* LaunchScreen.storyboard */,
				D980B8C62566753300C4C5C8 /* Main.storyboard */,
				D980B8C42566753300C4C5C8 /* ViewController.swift */,
			);
			path = Main;
			sourceTree = "<group>";
		};
		FE47C2C5A9D84B1BC8B48E0A /* Pods */ = {
			isa = PBXGroup;
			children = (
				F1ED5FDEE7C65AB5EA9107A9 /* Pods-GaminHood.debug.xcconfig */,
				7E9CC15D46268CBB92DDF0FC /* Pods-GaminHood.release.xcconfig */,
			);
			path = Pods;
			sourceTree = "<group>";
		};
/* End PBXGroup section */

/* Begin PBXNativeTarget section */
		D980B8BC2566753300C4C5C8 /* GaminHood */ = {
			isa = PBXNativeTarget;
			buildConfigurationList = D980B8D42566753700C4C5C8 /* Build configuration list for PBXNativeTarget "GaminHood" */;
			buildPhases = (
				BA0CADD81EF416897BE7B10F /* [CP] Check Pods Manifest.lock */,
				D980B8B92566753300C4C5C8 /* Sources */,
				D980B8BA2566753300C4C5C8 /* Frameworks */,
				D980B8BB2566753300C4C5C8 /* Resources */,
				6E61B359521CE09A1C691223 /* [CP] Embed Pods Frameworks */,
			);
			buildRules = (
			);
			dependencies = (
			);
			name = GaminHood;
			productName = GaminHood;
			productReference = D980B8BD2566753300C4C5C8 /* GaminHood.app */;
			productType = "com.apple.product-type.application";
		};
/* End PBXNativeTarget section */

/* Begin PBXProject section */
		D980B8B52566753300C4C5C8 /* Project object */ = {
			isa = PBXProject;
			attributes = {
				LastSwiftUpdateCheck = 1210;
				LastUpgradeCheck = 1210;
				TargetAttributes = {
					D980B8BC2566753300C4C5C8 = {
						CreatedOnToolsVersion = 12.1;
					};
				};
			};
			buildConfigurationList = D980B8B82566753300C4C5C8 /* Build configuration list for PBXProject "GaminHood" */;
			compatibilityVersion = "Xcode 9.3";
			developmentRegion = en;
			hasScannedForEncodings = 0;
			knownRegions = (
				en,
				Base,
			);
			mainGroup = D980B8B42566753300C4C5C8;
			productRefGroup = D980B8BE2566753300C4C5C8 /* Products */;
			projectDirPath = "";
			projectRoot = "";
			targets = (
				D980B8BC2566753300C4C5C8 /* GaminHood */,
			);
		};
/* End PBXProject section */

/* Begin PBXResourcesBuildPhase section */
		D980B8BB2566753300C4C5C8 /* Resources */ = {
			isa = PBXResourcesBuildPhase;
			buildActionMask = 2147483647;
			files = (
				D8D91FC8256E5EFE00DDE78E /* SearchGame.storyboard in Resources */,
				D980B8D02566753700C4C5C8 /* LaunchScreen.storyboard in Resources */,
				D980B8CD2566753700C4C5C8 /* Assets.xcassets in Resources */,
				D980B8C82566753300C4C5C8 /* Main.storyboard in Resources */,
				D8D91FD3256E67D400DDE78E /* SearchGameViewCell.xib in Resources */,
			);
			runOnlyForDeploymentPostprocessing = 0;
		};
/* End PBXResourcesBuildPhase section */

/* Begin PBXShellScriptBuildPhase section */
		6E61B359521CE09A1C691223 /* [CP] Embed Pods Frameworks */ = {
			isa = PBXShellScriptBuildPhase;
			buildActionMask = 2147483647;
			files = (
			);
			inputFileListPaths = (
				"${PODS_ROOT}/Target Support Files/Pods-GaminHood/Pods-GaminHood-frameworks-${CONFIGURATION}-input-files.xcfilelist",
			);
			name = "[CP] Embed Pods Frameworks";
			outputFileListPaths = (
				"${PODS_ROOT}/Target Support Files/Pods-GaminHood/Pods-GaminHood-frameworks-${CONFIGURATION}-output-files.xcfilelist",
			);
			runOnlyForDeploymentPostprocessing = 0;
			shellPath = /bin/sh;
			shellScript = "\"${PODS_ROOT}/Target Support Files/Pods-GaminHood/Pods-GaminHood-frameworks.sh\"\n";
			showEnvVarsInLog = 0;
		};
		BA0CADD81EF416897BE7B10F /* [CP] Check Pods Manifest.lock */ = {
			isa = PBXShellScriptBuildPhase;
			buildActionMask = 2147483647;
			files = (
			);
			inputFileListPaths = (
			);
			inputPaths = (
				"${PODS_PODFILE_DIR_PATH}/Podfile.lock",
				"${PODS_ROOT}/Manifest.lock",
			);
			name = "[CP] Check Pods Manifest.lock";
			outputFileListPaths = (
			);
			outputPaths = (
				"$(DERIVED_FILE_DIR)/Pods-GaminHood-checkManifestLockResult.txt",
			);
			runOnlyForDeploymentPostprocessing = 0;
			shellPath = /bin/sh;
			shellScript = "diff \"${PODS_PODFILE_DIR_PATH}/Podfile.lock\" \"${PODS_ROOT}/Manifest.lock\" > /dev/null\nif [ $? != 0 ] ; then\n    # print error to STDERR\n    echo \"error: The sandbox is not in sync with the Podfile.lock. Run 'pod install' or update your CocoaPods installation.\" >&2\n    exit 1\nfi\n# This output is used by Xcode 'outputs' to avoid re-running this script phase.\necho \"SUCCESS\" > \"${SCRIPT_OUTPUT_FILE_0}\"\n";
			showEnvVarsInLog = 0;
		};
/* End PBXShellScriptBuildPhase section */

/* Begin PBXSourcesBuildPhase section */
		D980B8B92566753300C4C5C8 /* Sources */ = {
			isa = PBXSourcesBuildPhase;
			buildActionMask = 2147483647;
			files = (
				16929DA82577A26300572E38 /* PackGame.swift in Sources */,
				D8D91FD2256E67D400DDE78E /* SearchGameViewCell.swift in Sources */,
				D980B8CB2566753300C4C5C8 /* GaminHood.xcdatamodeld in Sources */,
				D91BD358256FB09E002F6749 /* SearchGameViewModel.swift in Sources */,
				D91BD366256FB701002F6749 /* Franchise.swift in Sources */,
				D980B8C52566753300C4C5C8 /* ViewController.swift in Sources */,
				0669A7252576479700B63CC1 /* Api.swift in Sources */,
				D980B8C12566753300C4C5C8 /* AppDelegate.swift in Sources */,
				D8D91FCB256E5F2800DDE78E /* SearchGameController.swift in Sources */,
				16929DA32577A20600572E38 /* sampleData.json in Sources */,
				D980B8C32566753300C4C5C8 /* SceneDelegate.swift in Sources */,
				16929DC02577BD2300572E38 /* AllCovers.swift in Sources */,
				D91BD35C256FB18F002F6749 /* Game.swift in Sources */,
				D91BD363256FB630002F6749 /* Platform_logo.swift in Sources */,
			);
			runOnlyForDeploymentPostprocessing = 0;
		};
/* End PBXSourcesBuildPhase section */

/* Begin PBXVariantGroup section */
		D980B8C62566753300C4C5C8 /* Main.storyboard */ = {
			isa = PBXVariantGroup;
			children = (
				D980B8C72566753300C4C5C8 /* Base */,
			);
			name = Main.storyboard;
			sourceTree = "<group>";
		};
		D980B8CE2566753700C4C5C8 /* LaunchScreen.storyboard */ = {
			isa = PBXVariantGroup;
			children = (
				D980B8CF2566753700C4C5C8 /* Base */,
			);
			name = LaunchScreen.storyboard;
			sourceTree = "<group>";
		};
/* End PBXVariantGroup section */

/* Begin XCBuildConfiguration section */
		D980B8D22566753700C4C5C8 /* Debug */ = {
			isa = XCBuildConfiguration;
			buildSettings = {
				ALWAYS_SEARCH_USER_PATHS = NO;
				CLANG_ANALYZER_NONNULL = YES;
				CLANG_ANALYZER_NUMBER_OBJECT_CONVERSION = YES_AGGRESSIVE;
				CLANG_CXX_LANGUAGE_STANDARD = "gnu++14";
				CLANG_CXX_LIBRARY = "libc++";
				CLANG_ENABLE_MODULES = YES;
				CLANG_ENABLE_OBJC_ARC = YES;
				CLANG_ENABLE_OBJC_WEAK = YES;
				CLANG_WARN_BLOCK_CAPTURE_AUTORELEASING = YES;
				CLANG_WARN_BOOL_CONVERSION = YES;
				CLANG_WARN_COMMA = YES;
				CLANG_WARN_CONSTANT_CONVERSION = YES;
				CLANG_WARN_DEPRECATED_OBJC_IMPLEMENTATIONS = YES;
				CLANG_WARN_DIRECT_OBJC_ISA_USAGE = YES_ERROR;
				CLANG_WARN_DOCUMENTATION_COMMENTS = YES;
				CLANG_WARN_EMPTY_BODY = YES;
				CLANG_WARN_ENUM_CONVERSION = YES;
				CLANG_WARN_INFINITE_RECURSION = YES;
				CLANG_WARN_INT_CONVERSION = YES;
				CLANG_WARN_NON_LITERAL_NULL_CONVERSION = YES;
				CLANG_WARN_OBJC_IMPLICIT_RETAIN_SELF = YES;
				CLANG_WARN_OBJC_LITERAL_CONVERSION = YES;
				CLANG_WARN_OBJC_ROOT_CLASS = YES_ERROR;
				CLANG_WARN_QUOTED_INCLUDE_IN_FRAMEWORK_HEADER = YES;
				CLANG_WARN_RANGE_LOOP_ANALYSIS = YES;
				CLANG_WARN_STRICT_PROTOTYPES = YES;
				CLANG_WARN_SUSPICIOUS_MOVE = YES;
				CLANG_WARN_UNGUARDED_AVAILABILITY = YES_AGGRESSIVE;
				CLANG_WARN_UNREACHABLE_CODE = YES;
				CLANG_WARN__DUPLICATE_METHOD_MATCH = YES;
				COPY_PHASE_STRIP = NO;
				DEBUG_INFORMATION_FORMAT = dwarf;
				ENABLE_STRICT_OBJC_MSGSEND = YES;
				ENABLE_TESTABILITY = YES;
				GCC_C_LANGUAGE_STANDARD = gnu11;
				GCC_DYNAMIC_NO_PIC = NO;
				GCC_NO_COMMON_BLOCKS = YES;
				GCC_OPTIMIZATION_LEVEL = 0;
				GCC_PREPROCESSOR_DEFINITIONS = (
					"DEBUG=1",
					"$(inherited)",
				);
				GCC_WARN_64_TO_32_BIT_CONVERSION = YES;
				GCC_WARN_ABOUT_RETURN_TYPE = YES_ERROR;
				GCC_WARN_UNDECLARED_SELECTOR = YES;
				GCC_WARN_UNINITIALIZED_AUTOS = YES_AGGRESSIVE;
				GCC_WARN_UNUSED_FUNCTION = YES;
				GCC_WARN_UNUSED_VARIABLE = YES;
				IPHONEOS_DEPLOYMENT_TARGET = 14.1;
				MTL_ENABLE_DEBUG_INFO = INCLUDE_SOURCE;
				MTL_FAST_MATH = YES;
				ONLY_ACTIVE_ARCH = YES;
				SDKROOT = iphoneos;
				SWIFT_ACTIVE_COMPILATION_CONDITIONS = DEBUG;
				SWIFT_OPTIMIZATION_LEVEL = "-Onone";
			};
			name = Debug;
		};
		D980B8D32566753700C4C5C8 /* Release */ = {
			isa = XCBuildConfiguration;
			buildSettings = {
				ALWAYS_SEARCH_USER_PATHS = NO;
				CLANG_ANALYZER_NONNULL = YES;
				CLANG_ANALYZER_NUMBER_OBJECT_CONVERSION = YES_AGGRESSIVE;
				CLANG_CXX_LANGUAGE_STANDARD = "gnu++14";
				CLANG_CXX_LIBRARY = "libc++";
				CLANG_ENABLE_MODULES = YES;
				CLANG_ENABLE_OBJC_ARC = YES;
				CLANG_ENABLE_OBJC_WEAK = YES;
				CLANG_WARN_BLOCK_CAPTURE_AUTORELEASING = YES;
				CLANG_WARN_BOOL_CONVERSION = YES;
				CLANG_WARN_COMMA = YES;
				CLANG_WARN_CONSTANT_CONVERSION = YES;
				CLANG_WARN_DEPRECATED_OBJC_IMPLEMENTATIONS = YES;
				CLANG_WARN_DIRECT_OBJC_ISA_USAGE = YES_ERROR;
				CLANG_WARN_DOCUMENTATION_COMMENTS = YES;
				CLANG_WARN_EMPTY_BODY = YES;
				CLANG_WARN_ENUM_CONVERSION = YES;
				CLANG_WARN_INFINITE_RECURSION = YES;
				CLANG_WARN_INT_CONVERSION = YES;
				CLANG_WARN_NON_LITERAL_NULL_CONVERSION = YES;
				CLANG_WARN_OBJC_IMPLICIT_RETAIN_SELF = YES;
				CLANG_WARN_OBJC_LITERAL_CONVERSION = YES;
				CLANG_WARN_OBJC_ROOT_CLASS = YES_ERROR;
				CLANG_WARN_QUOTED_INCLUDE_IN_FRAMEWORK_HEADER = YES;
				CLANG_WARN_RANGE_LOOP_ANALYSIS = YES;
				CLANG_WARN_STRICT_PROTOTYPES = YES;
				CLANG_WARN_SUSPICIOUS_MOVE = YES;
				CLANG_WARN_UNGUARDED_AVAILABILITY = YES_AGGRESSIVE;
				CLANG_WARN_UNREACHABLE_CODE = YES;
				CLANG_WARN__DUPLICATE_METHOD_MATCH = YES;
				COPY_PHASE_STRIP = NO;
				DEBUG_INFORMATION_FORMAT = "dwarf-with-dsym";
				ENABLE_NS_ASSERTIONS = NO;
				ENABLE_STRICT_OBJC_MSGSEND = YES;
				GCC_C_LANGUAGE_STANDARD = gnu11;
				GCC_NO_COMMON_BLOCKS = YES;
				GCC_WARN_64_TO_32_BIT_CONVERSION = YES;
				GCC_WARN_ABOUT_RETURN_TYPE = YES_ERROR;
				GCC_WARN_UNDECLARED_SELECTOR = YES;
				GCC_WARN_UNINITIALIZED_AUTOS = YES_AGGRESSIVE;
				GCC_WARN_UNUSED_FUNCTION = YES;
				GCC_WARN_UNUSED_VARIABLE = YES;
				IPHONEOS_DEPLOYMENT_TARGET = 14.1;
				MTL_ENABLE_DEBUG_INFO = NO;
				MTL_FAST_MATH = YES;
				SDKROOT = iphoneos;
				SWIFT_COMPILATION_MODE = wholemodule;
				SWIFT_OPTIMIZATION_LEVEL = "-O";
				VALIDATE_PRODUCT = YES;
			};
			name = Release;
		};
		D980B8D52566753700C4C5C8 /* Debug */ = {
			isa = XCBuildConfiguration;
			baseConfigurationReference = F1ED5FDEE7C65AB5EA9107A9 /* Pods-GaminHood.debug.xcconfig */;
			buildSettings = {
				ASSETCATALOG_COMPILER_APPICON_NAME = AppIcon;
				ASSETCATALOG_COMPILER_GLOBAL_ACCENT_COLOR_NAME = AccentColor;
				CODE_SIGN_STYLE = Automatic;
				DEVELOPMENT_TEAM = LD6Q3JZ8VZ;
				INFOPLIST_FILE = GaminHood/Info.plist;
				IPHONEOS_DEPLOYMENT_TARGET = 13.0;
				LD_RUNPATH_SEARCH_PATHS = (
					"$(inherited)",
					"@executable_path/Frameworks",
				);
				PRODUCT_BUNDLE_IDENTIFIER = gh.GaminHood;
				PRODUCT_NAME = "$(TARGET_NAME)";
				SWIFT_VERSION = 5.0;
				TARGETED_DEVICE_FAMILY = "1,2";
			};
			name = Debug;
		};
		D980B8D62566753700C4C5C8 /* Release */ = {
			isa = XCBuildConfiguration;
			baseConfigurationReference = 7E9CC15D46268CBB92DDF0FC /* Pods-GaminHood.release.xcconfig */;
			buildSettings = {
				ASSETCATALOG_COMPILER_APPICON_NAME = AppIcon;
				ASSETCATALOG_COMPILER_GLOBAL_ACCENT_COLOR_NAME = AccentColor;
				CODE_SIGN_STYLE = Automatic;
				DEVELOPMENT_TEAM = LD6Q3JZ8VZ;
				INFOPLIST_FILE = GaminHood/Info.plist;
				IPHONEOS_DEPLOYMENT_TARGET = 13.0;
				LD_RUNPATH_SEARCH_PATHS = (
					"$(inherited)",
					"@executable_path/Frameworks",
				);
				PRODUCT_BUNDLE_IDENTIFIER = gh.GaminHood;
				PRODUCT_NAME = "$(TARGET_NAME)";
				SWIFT_VERSION = 5.0;
				TARGETED_DEVICE_FAMILY = "1,2";
			};
			name = Release;
		};
/* End XCBuildConfiguration section */

/* Begin XCConfigurationList section */
		D980B8B82566753300C4C5C8 /* Build configuration list for PBXProject "GaminHood" */ = {
			isa = XCConfigurationList;
			buildConfigurations = (
				D980B8D22566753700C4C5C8 /* Debug */,
				D980B8D32566753700C4C5C8 /* Release */,
			);
			defaultConfigurationIsVisible = 0;
			defaultConfigurationName = Release;
		};
		D980B8D42566753700C4C5C8 /* Build configuration list for PBXNativeTarget "GaminHood" */ = {
			isa = XCConfigurationList;
			buildConfigurations = (
				D980B8D52566753700C4C5C8 /* Debug */,
				D980B8D62566753700C4C5C8 /* Release */,
			);
			defaultConfigurationIsVisible = 0;
			defaultConfigurationName = Release;
		};
/* End XCConfigurationList section */

/* Begin XCVersionGroup section */
		D980B8C92566753300C4C5C8 /* GaminHood.xcdatamodeld */ = {
			isa = XCVersionGroup;
			children = (
				D980B8CA2566753300C4C5C8 /* GaminHood.xcdatamodel */,
			);
			currentVersion = D980B8CA2566753300C4C5C8 /* GaminHood.xcdatamodel */;
			path = GaminHood.xcdatamodeld;
			sourceTree = "<group>";
			versionGroupType = wrapper.xcdatamodel;
		};
/* End XCVersionGroup section */
	};
	rootObject = D980B8B52566753300C4C5C8 /* Project object */;
}
